
Microsoft Visual Studio Solution File, Format Version 12.00
# Visual Studio Version 17
VisualStudioVersion = 17.13.35818.85 d17.13
MinimumVisualStudioVersion = 10.0.40219.1
Project("{FAE04EC0-301F-11D3-BF4B-00C04F79EFBC}") = "tpmodul4_103022300141", "tpmodul4_103022300141.csproj", "{766082C3-5E1D-4E35-AB09-BA91C7AE0BB0}"
EndProject
Global
	GlobalSection(SolutionConfigurationPlatforms) = preSolution
		Debug|Any CPU = Debug|Any CPU
		Release|Any CPU = Release|Any CPU
	EndGlobalSection
	GlobalSection(ProjectConfigurationPlatforms) = postSolution
		{766082C3-5E1D-4E35-AB09-BA91C7AE0BB0}.Debug|Any CPU.ActiveCfg = Debug|Any CPU
		{766082C3-5E1D-4E35-AB09-BA91C7AE0BB0}.Debug|Any CPU.Build.0 = Debug|Any CPU
		{766082C3-5E1D-4E35-AB09-BA91C7AE0BB0}.Release|Any CPU.ActiveCfg = Release|Any CPU
		{766082C3-5E1D-4E35-AB09-BA91C7AE0BB0}.Release|Any CPU.Build.0 = Release|Any CPU
	EndGlobalSection
	GlobalSection(SolutionProperties) = preSolution
		HideSolutionNode = FALSE
	EndGlobalSection
	GlobalSection(ExtensibilityGlobals) = postSolution
		SolutionGuid = {1E1F40D3-6A00-46E5-855C-FF25B2447368}
	EndGlobalSection
EndGlobal
